
Microsoft Visual Studio Solution File, Format Version 11.00
# Visual C# Express 2010
Project("{FAE04EC0-301F-11D3-BF4B-00C04F79EFBC}") = "CS01-Lesson-02-01-ConsApp", "CS01-Lesson-02-01-ConsApp\CS01-Lesson-02-01-ConsApp.csproj", "{BD883C87-BA84-48EE-B2E0-29198729A3C5}"
EndProject
Project("{FAE04EC0-301F-11D3-BF4B-00C04F79EFBC}") = "CS01-Lesson-02-02-ConsApp", "CS01-Lesson-02-02-ConsApp\CS01-Lesson-02-02-ConsApp.csproj", "{C4CDAABD-AE82-4D60-93A2-DFB7E65AF593}"
EndProject
Project("{FAE04EC0-301F-11D3-BF4B-00C04F79EFBC}") = "CS01-Lesson-02-03-ConsApp", "CS01-Lesson-02-03-ConsApp\CS01-Lesson-02-03-ConsApp.csproj", "{B0A9D230-079F-494E-B379-52807551F051}"
EndProject
Project("{FAE04EC0-301F-11D3-BF4B-00C04F79EFBC}") = "CS01-Lesson-02-04-ConsApp", "CS01-Lesson-02-04-ConsApp\CS01-Lesson-02-04-ConsApp.csproj", "{5DCF31BA-EB49-46EE-91BB-128BA995A99D}"
EndProject
Project("{FAE04EC0-301F-11D3-BF4B-00C04F79EFBC}") = "CS01-Lesson-02-05-ConsApp", "CS01-Lesson-02-05-ConsApp\CS01-Lesson-02-05-ConsApp.csproj", "{6FA50F99-ED23-47C7-BBA2-CBA14E05D70D}"
EndProject
Project("{FAE04EC0-301F-11D3-BF4B-00C04F79EFBC}") = "CS01-Lesson-02-06-ConsApp", "CS01-Lesson-02-06-ConsApp.cs\CS01-Lesson-02-06-ConsApp.csproj", "{3AC1EF28-EC4B-492E-BAEC-51045F44728E}"
EndProject
Project("{FAE04EC0-301F-11D3-BF4B-00C04F79EFBC}") = "CS01-Lesson-02-07-ConsApp", "CS01-Lesson-02-07-ConsApp\CS01-Lesson-02-07-ConsApp.csproj", "{47248215-8E57-449D-9BC6-B76A166A6CAD}"
EndProject
Global
	GlobalSection(SolutionConfigurationPlatforms) = preSolution
		Debug|x86 = Debug|x86
		Release|x86 = Release|x86
	EndGlobalSection
	GlobalSection(ProjectConfigurationPlatforms) = postSolution
		{BD883C87-BA84-48EE-B2E0-29198729A3C5}.Debug|x86.ActiveCfg = Debug|x86
		{BD883C87-BA84-48EE-B2E0-29198729A3C5}.Debug|x86.Build.0 = Debug|x86
		{BD883C87-BA84-48EE-B2E0-29198729A3C5}.Release|x86.ActiveCfg = Release|x86
		{BD883C87-BA84-48EE-B2E0-29198729A3C5}.Release|x86.Build.0 = Release|x86
		{C4CDAABD-AE82-4D60-93A2-DFB7E65AF593}.Debug|x86.ActiveCfg = Debug|x86
		{C4CDAABD-AE82-4D60-93A2-DFB7E65AF593}.Debug|x86.Build.0 = Debug|x86
		{C4CDAABD-AE82-4D60-93A2-DFB7E65AF593}.Release|x86.ActiveCfg = Release|x86
		{C4CDAABD-AE82-4D60-93A2-DFB7E65AF593}.Release|x86.Build.0 = Release|x86
		{B0A9D230-079F-494E-B379-52807551F051}.Debug|x86.ActiveCfg = Debug|x86
		{B0A9D230-079F-494E-B379-52807551F051}.Debug|x86.Build.0 = Debug|x86
		{B0A9D230-079F-494E-B379-52807551F051}.Release|x86.ActiveCfg = Release|x86
		{B0A9D230-079F-494E-B379-52807551F051}.Release|x86.Build.0 = Release|x86
		{5DCF31BA-EB49-46EE-91BB-128BA995A99D}.Debug|x86.ActiveCfg = Debug|x86
		{5DCF31BA-EB49-46EE-91BB-128BA995A99D}.Debug|x86.Build.0 = Debug|x86
		{5DCF31BA-EB49-46EE-91BB-128BA995A99D}.Release|x86.ActiveCfg = Release|x86
		{5DCF31BA-EB49-46EE-91BB-128BA995A99D}.Release|x86.Build.0 = Release|x86
		{6FA50F99-ED23-47C7-BBA2-CBA14E05D70D}.Debug|x86.ActiveCfg = Debug|x86
		{6FA50F99-ED23-47C7-BBA2-CBA14E05D70D}.Debug|x86.Build.0 = Debug|x86
		{6FA50F99-ED23-47C7-BBA2-CBA14E05D70D}.Release|x86.ActiveCfg = Release|x86
		{6FA50F99-ED23-47C7-BBA2-CBA14E05D70D}.Release|x86.Build.0 = Release|x86
		{3AC1EF28-EC4B-492E-BAEC-51045F44728E}.Debug|x86.ActiveCfg = Debug|x86
		{3AC1EF28-EC4B-492E-BAEC-51045F44728E}.Debug|x86.Build.0 = Debug|x86
		{3AC1EF28-EC4B-492E-BAEC-51045F44728E}.Release|x86.ActiveCfg = Release|x86
		{3AC1EF28-EC4B-492E-BAEC-51045F44728E}.Release|x86.Build.0 = Release|x86
		{47248215-8E57-449D-9BC6-B76A166A6CAD}.Debug|x86.ActiveCfg = Debug|x86
		{47248215-8E57-449D-9BC6-B76A166A6CAD}.Debug|x86.Build.0 = Debug|x86
		{47248215-8E57-449D-9BC6-B76A166A6CAD}.Release|x86.ActiveCfg = Release|x86
		{47248215-8E57-449D-9BC6-B76A166A6CAD}.Release|x86.Build.0 = Release|x86
	EndGlobalSection
	GlobalSection(SolutionProperties) = preSolution
		HideSolutionNode = FALSE
	EndGlobalSection
EndGlobal
